<?xml version="1.0" encoding="utf-8"?>
<Project ToolsVersion="4.0" xmlns="http://schemas.microsoft.com/developer/msbuild/2003">
  <ItemGroup>
    <Filter Include="Source Files">
      <UniqueIdentifier>{4FC737F1-C7A5-4376-A066-2A32D752A2FF}</UniqueIdentifier>
      <Extensions>cpp;c;cc;cxx;c++;cppm;ixx;def;odl;idl;hpj;bat;asm;asmx</Extensions>
    </Filter>
    <Filter Include="Header Files">
      <UniqueIdentifier>{93995380-89BD-4b04-88EB-625FBE52EBFB}</UniqueIdentifier>
      <Extensions>h;hh;hpp;hxx;h++;hm;inl;inc;ipp;xsd</Extensions>
    </Filter>
    <Filter Include="Resource Files">
      <UniqueIdentifier>{67DA6AB6-F800-4c08-8B7A-83BB121AAD01}</UniqueIdentifier>
      <Extensions>rc;ico;cur;bmp;dlg;rc2;rct;bin;rgs;gif;jpg;jpeg;jpe;resx;tiff;tif;png;wav;mfcribbon-ms</Extensions>
    </Filter>
  </ItemGroup>
  <ItemGroup>
    <ClInclude Include="GraphLibrary.h">
      <Filter>Header Files</Filter>
    </ClInclude>
    <ClInclude Include="GraphLibraryDlg.h">
      <Filter>Header Files</Filter>
    </ClInclude>
    <ClInclude Include="framework.h">
      <Filter>Header Files</Filter>
    </ClInclude>
    <ClInclude Include="targetver.h">
      <Filter>Header Files</Filter>
    </ClInclude>
    <ClInclude Include="Resource.h">
      <Filter>Header Files</Filter>
    </ClInclude>
    <ClInclude Include="pch.h">
      <Filter>Header Files</Filter>
    </ClInclude>
    <ClInclude Include="GraphControl\GraphCtrl.h">
      <Filter>Header Files</Filter>
    </ClInclude>
    <ClInclude Include="GraphControl\ChartAxis.h">
      <Filter>Header Files</Filter>
    </ClInclude>
    <ClInclude Include="GraphControl\ChartAxisLabel.h">
      <Filter>Header Files</Filter>
    </ClInclude>
    <ClInclude Include="GraphControl\ChartBalloonLabel.h">
      <Filter>Header Files</Filter>
    </ClInclude>
    <ClInclude Include="GraphControl\ChartBarSerie.h">
      <Filter>Header Files</Filter>
    </ClInclude>
    <ClInclude Include="GraphControl\ChartCandlestickSerie.h">
      <Filter>Header Files</Filter>
    </ClInclude>
    <ClInclude Include="GraphControl\ChartCrossHairCursor.h">
      <Filter>Header Files</Filter>
    </ClInclude>
    <ClInclude Include="GraphControl\ChartCtrl.h">
      <Filter>Header Files</Filter>
    </ClInclude>
    <ClInclude Include="GraphControl\ChartCursor.h">
      <Filter>Header Files</Filter>
    </ClInclude>
    <ClInclude Include="GraphControl\ChartDateTimeAxis.h">
      <Filter>Header Files</Filter>
    </ClInclude>
    <ClInclude Include="GraphControl\ChartDragLineCursor.h">
      <Filter>Header Files</Filter>
    </ClInclude>
    <ClInclude Include="GraphControl\ChartFont.h">
      <Filter>Header Files</Filter>
    </ClInclude>
    <ClInclude Include="GraphControl\ChartGanttSerie.h">
      <Filter>Header Files</Filter>
    </ClInclude>
    <ClInclude Include="GraphControl\ChartGradient.h">
      <Filter>Header Files</Filter>
    </ClInclude>
    <ClInclude Include="GraphControl\ChartGrid.h">
      <Filter>Header Files</Filter>
    </ClInclude>
    <ClInclude Include="GraphControl\ChartLabel.h">
      <Filter>Header Files</Filter>
    </ClInclude>
    <ClInclude Include="GraphControl\ChartLegend.h">
      <Filter>Header Files</Filter>
    </ClInclude>
    <ClInclude Include="GraphControl\ChartLineSerie.h">
      <Filter>Header Files</Filter>
    </ClInclude>
    <ClInclude Include="GraphControl\ChartLogarithmicAxis.h">
      <Filter>Header Files</Filter>
    </ClInclude>
    <ClInclude Include="GraphControl\ChartMouseListener.h">
      <Filter>Header Files</Filter>
    </ClInclude>
    <ClInclude Include="GraphControl\ChartPointsArray.h">
      <Filter>Header Files</Filter>
    </ClInclude>
    <ClInclude Include="GraphControl\ChartPointsSerie.h">
      <Filter>Header Files</Filter>
    </ClInclude>
    <ClInclude Include="GraphControl\ChartScrollBar.h">
      <Filter>Header Files</Filter>
    </ClInclude>
    <ClInclude Include="GraphControl\ChartSerie.h">
      <Filter>Header Files</Filter>
    </ClInclude>
    <ClInclude Include="GraphControl\ChartSerieBase.h">
      <Filter>Header Files</Filter>
    </ClInclude>
    <ClInclude Include="GraphControl\ChartSeriesMouseListener.h">
      <Filter>Header Files</Filter>
    </ClInclude>
    <ClInclude Include="GraphControl\ChartStandardAxis.h">
      <Filter>Header Files</Filter>
    </ClInclude>
    <ClInclude Include="GraphControl\ChartString.h">
      <Filter>Header Files</Filter>
    </ClInclude>
    <ClInclude Include="GraphControl\ChartSurfaceSerie.h">
      <Filter>Header Files</Filter>
    </ClInclude>
    <ClInclude Include="GraphControl\ChartTitle.h">
      <Filter>Header Files</Filter>
    </ClInclude>
    <ClInclude Include="GraphControl\ChartXYSerie.h">
      <Filter>Header Files</Filter>
    </ClInclude>
    <ClInclude Include="GraphControl\PointsOrdering.h">
      <Filter>Header Files</Filter>
    </ClInclude>
  </ItemGroup>
  <ItemGroup>
    <ClCompile Include="GraphLibrary.cpp">
      <Filter>Source Files</Filter>
    </ClCompile>
    <ClCompile Include="GraphLibraryDlg.cpp">
      <Filter>Source Files</Filter>
    </ClCompile>
    <ClCompile Include="pch.cpp">
      <Filter>Source Files</Filter>
    </ClCompile>
    <ClCompile Include="GraphControl\GraphCtrl.cpp">
      <Filter>Source Files</Filter>
    </ClCompile>
    <ClCompile Include="GraphControl\ChartAxis.cpp">
      <Filter>Source Files</Filter>
    </ClCompile>
    <ClCompile Include="GraphControl\ChartAxisLabel.cpp">
      <Filter>Source Files</Filter>
    </ClCompile>
    <ClCompile Include="GraphControl\ChartBarSerie.cpp">
      <Filter>Source Files</Filter>
    </ClCompile>
    <ClCompile Include="GraphControl\ChartCandlestickSerie.cpp">
      <Filter>Source Files</Filter>
    </ClCompile>
    <ClCompile Include="GraphControl\ChartCrossHairCursor.cpp">
      <Filter>Source Files</Filter>
    </ClCompile>
    <ClCompile Include="GraphControl\ChartCtrl.cpp">
      <Filter>Source Files</Filter>
    </ClCompile>
    <ClCompile Include="GraphControl\ChartCursor.cpp">
      <Filter>Source Files</Filter>
    </ClCompile>
    <ClCompile Include="GraphControl\ChartDateTimeAxis.cpp">
      <Filter>Source Files</Filter>
    </ClCompile>
    <ClCompile Include="GraphControl\ChartDragLineCursor.cpp">
      <Filter>Source Files</Filter>
    </ClCompile>
    <ClCompile Include="GraphControl\ChartFont.cpp">
      <Filter>Source Files</Filter>
    </ClCompile>
    <ClCompile Include="GraphControl\ChartGanttSerie.cpp">
      <Filter>Source Files</Filter>
    </ClCompile>
    <ClCompile Include="GraphControl\ChartGradient.cpp">
      <Filter>Source Files</Filter>
    </ClCompile>
    <ClCompile Include="GraphControl\ChartGrid.cpp">
      <Filter>Source Files</Filter>
    </ClCompile>
    <ClCompile Include="GraphControl\ChartLegend.cpp">
      <Filter>Source Files</Filter>
    </ClCompile>
    <ClCompile Include="GraphControl\ChartLineSerie.cpp">
      <Filter>Source Files</Filter>
    </ClCompile>
    <ClCompile Include="GraphControl\ChartLogarithmicAxis.cpp">
      <Filter>Source Files</Filter>
    </ClCompile>
    <ClCompile Include="GraphControl\ChartPointsSerie.cpp">
      <Filter>Source Files</Filter>
    </ClCompile>
    <ClCompile Include="GraphControl\ChartScrollBar.cpp">
      <Filter>Source Files</Filter>
    </ClCompile>
    <ClCompile Include="GraphControl\ChartSerie.cpp">
      <Filter>Source Files</Filter>
    </ClCompile>
    <ClCompile Include="GraphControl\ChartStandardAxis.cpp">
      <Filter>Source Files</Filter>
    </ClCompile>
    <ClCompile Include="GraphControl\ChartSurfaceSerie.cpp">
      <Filter>Source Files</Filter>
    </ClCompile>
    <ClCompile Include="GraphControl\ChartTitle.cpp">
      <Filter>Source Files</Filter>
    </ClCompile>
    <ClCompile Include="GraphControl\ChartXYSerie.cpp">
      <Filter>Source Files</Filter>
    </ClCompile>
  </ItemGroup>
  <ItemGroup>
    <ResourceCompile Include="GraphLibrary.rc">
      <Filter>Resource Files</Filter>
    </ResourceCompile>
  </ItemGroup>
  <ItemGroup>
    <None Include="res\GraphLibrary.rc2">
      <Filter>Resource Files</Filter>
    </None>
    <None Include="GraphControl\ChartBalloonLabel.inl">
      <Filter>Header Files</Filter>
    </None>
    <None Include="GraphControl\ChartLabel.inl">
      <Filter>Header Files</Filter>
    </None>
    <None Include="GraphControl\ChartPointsArray.inl">
      <Filter>Header Files</Filter>
    </None>
    <None Include="GraphControl\ChartSerieBase.inl">
      <Filter>Header Files</Filter>
    </None>
  </ItemGroup>
  <ItemGroup>
    <Image Include="res\GraphLibrary.ico">
      <Filter>Resource Files</Filter>
    </Image>
  </ItemGroup>
</Project>